// !$*UTF8*$!
{
	archiveVersion = 1;
	classes = {
	};
	objectVersion = 48;
	objects = {

/* Begin PBXBuildFile section */
		08A68CCD256C5902BE2949E6 /* Pods_CTCI.framework in Frameworks */ = {isa = PBXBuildFile; fileRef = F9E4729C3E15808923710356 /* Pods_CTCI.framework */; };
		F91E80FE1FE9ED3900FA725A /* NoteCell.swift in Sources */ = {isa = PBXBuildFile; fileRef = F91E80FD1FE9ED3900FA725A /* NoteCell.swift */; };
		F924A9B71F9D6C6300B5496C /* QuestionStore.swift in Sources */ = {isa = PBXBuildFile; fileRef = F924A9B61F9D6C6300B5496C /* QuestionStore.swift */; };
		F95E9DF61FE99BF100D758F3 /* QuestionViewController.swift in Sources */ = {isa = PBXBuildFile; fileRef = F95E9DF51FE99BF100D758F3 /* QuestionViewController.swift */; };
		F95E9DF81FE9A16200D758F3 /* LessonButton.swift in Sources */ = {isa = PBXBuildFile; fileRef = F95E9DF71FE9A16200D758F3 /* LessonButton.swift */; };
		F96C574A1FEA17D100648CD8 /* CTCIPalette.swift in Sources */ = {isa = PBXBuildFile; fileRef = F96C57491FEA17D100648CD8 /* CTCIPalette.swift */; };
		F978593F1FE878BD001649D7 /* Topic.swift in Sources */ = {isa = PBXBuildFile; fileRef = F978593E1FE878BD001649D7 /* Topic.swift */; };
		F97859411FE878F6001649D7 /* Lesson.swift in Sources */ = {isa = PBXBuildFile; fileRef = F97859401FE878F6001649D7 /* Lesson.swift */; };
		F97859431FE87905001649D7 /* Note.swift in Sources */ = {isa = PBXBuildFile; fileRef = F97859421FE87905001649D7 /* Note.swift */; };
		F97859451FE8790A001649D7 /* Question.swift in Sources */ = {isa = PBXBuildFile; fileRef = F97859441FE8790A001649D7 /* Question.swift */; };
		F98A9A9D1FEB33D30001D84B /* MyPieChartView.swift in Sources */ = {isa = PBXBuildFile; fileRef = F98A9A9C1FEB33D30001D84B /* MyPieChartView.swift */; };
		F99A19201FE4904300539AE9 /* TopicsViewController.swift in Sources */ = {isa = PBXBuildFile; fileRef = F99A191F1FE4904300539AE9 /* TopicsViewController.swift */; };
		F99FBDFC1F94205F001F6C20 /* AppDelegate.swift in Sources */ = {isa = PBXBuildFile; fileRef = F99FBDFB1F94205F001F6C20 /* AppDelegate.swift */; };
		F99FBE011F94205F001F6C20 /* Main.storyboard in Resources */ = {isa = PBXBuildFile; fileRef = F99FBDFF1F94205F001F6C20 /* Main.storyboard */; };
		F99FBE031F94205F001F6C20 /* Assets.xcassets in Resources */ = {isa = PBXBuildFile; fileRef = F99FBE021F94205F001F6C20 /* Assets.xcassets */; };
		F99FBE061F94205F001F6C20 /* LaunchScreen.storyboard in Resources */ = {isa = PBXBuildFile; fileRef = F99FBE041F94205F001F6C20 /* LaunchScreen.storyboard */; };
		F99FBE141F943112001F6C20 /* TopicStore.swift in Sources */ = {isa = PBXBuildFile; fileRef = F99FBE131F943112001F6C20 /* TopicStore.swift */; };
		F99FBE181F945C50001F6C20 /* TopicCell.swift in Sources */ = {isa = PBXBuildFile; fileRef = F99FBE171F945C50001F6C20 /* TopicCell.swift */; };
		F9B54BA41FE4955E00F3A318 /* TopicLayout.swift in Sources */ = {isa = PBXBuildFile; fileRef = F9B54BA31FE4955E00F3A318 /* TopicLayout.swift */; };
		F9B54BA61FE5B61900F3A318 /* LessonCell.swift in Sources */ = {isa = PBXBuildFile; fileRef = F9B54BA51FE5B61900F3A318 /* LessonCell.swift */; };
		F9B54BA81FE5D5FD00F3A318 /* LessonViewController.swift in Sources */ = {isa = PBXBuildFile; fileRef = F9B54BA71FE5D5FD00F3A318 /* LessonViewController.swift */; };
		F9EACEF61FE8889D0070246C /* CTCI_Data.json in Resources */ = {isa = PBXBuildFile; fileRef = F9EACEF51FE8889D0070246C /* CTCI_Data.json */; };
		F9F334531FE6DD650073A67B /* ZoomTransitionDelegate.swift in Sources */ = {isa = PBXBuildFile; fileRef = F9F334521FE6DD650073A67B /* ZoomTransitionDelegate.swift */; };
		F9F334551FE709310073A67B /* StudyViewController.swift in Sources */ = {isa = PBXBuildFile; fileRef = F9F334541FE709310073A67B /* StudyViewController.swift */; };
		F9F3741F1FE883DB00D23DFC /* VisualizerViewController.swift in Sources */ = {isa = PBXBuildFile; fileRef = F9F3741B1FE883DB00D23DFC /* VisualizerViewController.swift */; };
		F9F374201FE883DB00D23DFC /* VisualObject.swift in Sources */ = {isa = PBXBuildFile; fileRef = F9F3741C1FE883DB00D23DFC /* VisualObject.swift */; };
		F9F374211FE883DB00D23DFC /* VisualView.swift in Sources */ = {isa = PBXBuildFile; fileRef = F9F3741D1FE883DB00D23DFC /* VisualView.swift */; };
		F9F374221FE883DB00D23DFC /* Sort.swift in Sources */ = {isa = PBXBuildFile; fileRef = F9F3741E1FE883DB00D23DFC /* Sort.swift */; };
/* End PBXBuildFile section */

/* Begin PBXFileReference section */
		A156D74D81713B130A96A0B1 /* Pods-CTCI.debug.xcconfig */ = {isa = PBXFileReference; includeInIndex = 1; lastKnownFileType = text.xcconfig; name = "Pods-CTCI.debug.xcconfig"; path = "Pods/Target Support Files/Pods-CTCI/Pods-CTCI.debug.xcconfig"; sourceTree = "<group>"; };
		D44F58105ED9AAF466F00153 /* Pods-CTCI.release.xcconfig */ = {isa = PBXFileReference; includeInIndex = 1; lastKnownFileType = text.xcconfig; name = "Pods-CTCI.release.xcconfig"; path = "Pods/Target Support Files/Pods-CTCI/Pods-CTCI.release.xcconfig"; sourceTree = "<group>"; };
		F91E80FD1FE9ED3900FA725A /* NoteCell.swift */ = {isa = PBXFileReference; lastKnownFileType = sourcecode.swift; path = NoteCell.swift; sourceTree = "<group>"; };
		F924A9B61F9D6C6300B5496C /* QuestionStore.swift */ = {isa = PBXFileReference; lastKnownFileType = sourcecode.swift; path = QuestionStore.swift; sourceTree = "<group>"; };
		F95E9DF51FE99BF100D758F3 /* QuestionViewController.swift */ = {isa = PBXFileReference; lastKnownFileType = sourcecode.swift; path = QuestionViewController.swift; sourceTree = "<group>"; };
		F95E9DF71FE9A16200D758F3 /* LessonButton.swift */ = {isa = PBXFileReference; lastKnownFileType = sourcecode.swift; path = LessonButton.swift; sourceTree = "<group>"; };
		F96C57491FEA17D100648CD8 /* CTCIPalette.swift */ = {isa = PBXFileReference; lastKnownFileType = sourcecode.swift; path = CTCIPalette.swift; sourceTree = "<group>"; };
		F978593E1FE878BD001649D7 /* Topic.swift */ = {isa = PBXFileReference; lastKnownFileType = sourcecode.swift; path = Topic.swift; sourceTree = "<group>"; };
		F97859401FE878F6001649D7 /* Lesson.swift */ = {isa = PBXFileReference; lastKnownFileType = sourcecode.swift; path = Lesson.swift; sourceTree = "<group>"; };
		F97859421FE87905001649D7 /* Note.swift */ = {isa = PBXFileReference; lastKnownFileType = sourcecode.swift; path = Note.swift; sourceTree = "<group>"; };
		F97859441FE8790A001649D7 /* Question.swift */ = {isa = PBXFileReference; lastKnownFileType = sourcecode.swift; path = Question.swift; sourceTree = "<group>"; };
		F98A9A9C1FEB33D30001D84B /* MyPieChartView.swift */ = {isa = PBXFileReference; lastKnownFileType = sourcecode.swift; path = MyPieChartView.swift; sourceTree = "<group>"; };
		F99A191F1FE4904300539AE9 /* TopicsViewController.swift */ = {isa = PBXFileReference; lastKnownFileType = sourcecode.swift; path = TopicsViewController.swift; sourceTree = "<group>"; };
		F99FBDF81F94205F001F6C20 /* CTCI.app */ = {isa = PBXFileReference; explicitFileType = wrapper.application; includeInIndex = 0; path = CTCI.app; sourceTree = BUILT_PRODUCTS_DIR; };
		F99FBDFB1F94205F001F6C20 /* AppDelegate.swift */ = {isa = PBXFileReference; lastKnownFileType = sourcecode.swift; path = AppDelegate.swift; sourceTree = "<group>"; };
		F99FBE001F94205F001F6C20 /* Base */ = {isa = PBXFileReference; lastKnownFileType = file.storyboard; name = Base; path = Base.lproj/Main.storyboard; sourceTree = "<group>"; };
		F99FBE021F94205F001F6C20 /* Assets.xcassets */ = {isa = PBXFileReference; lastKnownFileType = folder.assetcatalog; path = Assets.xcassets; sourceTree = "<group>"; };
		F99FBE051F94205F001F6C20 /* Base */ = {isa = PBXFileReference; lastKnownFileType = file.storyboard; name = Base; path = Base.lproj/LaunchScreen.storyboard; sourceTree = "<group>"; };
		F99FBE071F94205F001F6C20 /* Info.plist */ = {isa = PBXFileReference; lastKnownFileType = text.plist.xml; path = Info.plist; sourceTree = "<group>"; };
		F99FBE131F943112001F6C20 /* TopicStore.swift */ = {isa = PBXFileReference; lastKnownFileType = sourcecode.swift; path = TopicStore.swift; sourceTree = "<group>"; };
		F99FBE171F945C50001F6C20 /* TopicCell.swift */ = {isa = PBXFileReference; lastKnownFileType = sourcecode.swift; path = TopicCell.swift; sourceTree = "<group>"; };
		F9B54BA31FE4955E00F3A318 /* TopicLayout.swift */ = {isa = PBXFileReference; fileEncoding = 4; lastKnownFileType = sourcecode.swift; path = TopicLayout.swift; sourceTree = "<group>"; };
		F9B54BA51FE5B61900F3A318 /* LessonCell.swift */ = {isa = PBXFileReference; lastKnownFileType = sourcecode.swift; path = LessonCell.swift; sourceTree = "<group>"; };
		F9B54BA71FE5D5FD00F3A318 /* LessonViewController.swift */ = {isa = PBXFileReference; lastKnownFileType = sourcecode.swift; path = LessonViewController.swift; sourceTree = "<group>"; };
		F9E4729C3E15808923710356 /* Pods_CTCI.framework */ = {isa = PBXFileReference; explicitFileType = wrapper.framework; includeInIndex = 0; path = Pods_CTCI.framework; sourceTree = BUILT_PRODUCTS_DIR; };
		F9EACEF51FE8889D0070246C /* CTCI_Data.json */ = {isa = PBXFileReference; fileEncoding = 4; lastKnownFileType = text.json; name = CTCI_Data.json; path = CTCI/CTCI_Data.json; sourceTree = SOURCE_ROOT; };
		F9F334521FE6DD650073A67B /* ZoomTransitionDelegate.swift */ = {isa = PBXFileReference; lastKnownFileType = sourcecode.swift; path = ZoomTransitionDelegate.swift; sourceTree = "<group>"; };
		F9F334541FE709310073A67B /* StudyViewController.swift */ = {isa = PBXFileReference; lastKnownFileType = sourcecode.swift; path = StudyViewController.swift; sourceTree = "<group>"; };
		F9F3741B1FE883DB00D23DFC /* VisualizerViewController.swift */ = {isa = PBXFileReference; fileEncoding = 4; lastKnownFileType = sourcecode.swift; path = VisualizerViewController.swift; sourceTree = "<group>"; };
		F9F3741C1FE883DB00D23DFC /* VisualObject.swift */ = {isa = PBXFileReference; fileEncoding = 4; lastKnownFileType = sourcecode.swift; path = VisualObject.swift; sourceTree = "<group>"; };
		F9F3741D1FE883DB00D23DFC /* VisualView.swift */ = {isa = PBXFileReference; fileEncoding = 4; lastKnownFileType = sourcecode.swift; path = VisualView.swift; sourceTree = "<group>"; };
		F9F3741E1FE883DB00D23DFC /* Sort.swift */ = {isa = PBXFileReference; fileEncoding = 4; lastKnownFileType = sourcecode.swift; path = Sort.swift; sourceTree = "<group>"; };
/* End PBXFileReference section */

/* Begin PBXFrameworksBuildPhase section */
		F99FBDF51F94205F001F6C20 /* Frameworks */ = {
			isa = PBXFrameworksBuildPhase;
			buildActionMask = 2147483647;
			files = (
				08A68CCD256C5902BE2949E6 /* Pods_CTCI.framework in Frameworks */,
			);
			runOnlyForDeploymentPostprocessing = 0;
		};
/* End PBXFrameworksBuildPhase section */

/* Begin PBXGroup section */
		1FC6B8DAE8909171B126BEAD /* Frameworks */ = {
			isa = PBXGroup;
			children = (
				F9E4729C3E15808923710356 /* Pods_CTCI.framework */,
			);
			name = Frameworks;
			sourceTree = "<group>";
		};
		570A138F1163FE743E7DD584 /* Pods */ = {
			isa = PBXGroup;
			children = (
				A156D74D81713B130A96A0B1 /* Pods-CTCI.debug.xcconfig */,
				D44F58105ED9AAF466F00153 /* Pods-CTCI.release.xcconfig */,
			);
			name = Pods;
			sourceTree = "<group>";
		};
		F924A9B81F9D6C6800B5496C /* Cell */ = {
			isa = PBXGroup;
			children = (
				F99FBE171F945C50001F6C20 /* TopicCell.swift */,
				F9B54BA51FE5B61900F3A318 /* LessonCell.swift */,
				F91E80FD1FE9ED3900FA725A /* NoteCell.swift */,
				F95E9DF71FE9A16200D758F3 /* LessonButton.swift */,
			);
			path = Cell;
			sourceTree = "<group>";
		};
		F97AAB641F950DA400691C16 /* Stores */ = {
			isa = PBXGroup;
			children = (
				F99FBE131F943112001F6C20 /* TopicStore.swift */,
				F924A9B61F9D6C6300B5496C /* QuestionStore.swift */,
				F9EACEF51FE8889D0070246C /* CTCI_Data.json */,
			);
			path = Stores;
			sourceTree = "<group>";
		};
		F97AAB651F950DBE00691C16 /* Models */ = {
			isa = PBXGroup;
			children = (
				F978593E1FE878BD001649D7 /* Topic.swift */,
				F97859401FE878F6001649D7 /* Lesson.swift */,
				F97859421FE87905001649D7 /* Note.swift */,
				F97859441FE8790A001649D7 /* Question.swift */,
			);
			path = Models;
			sourceTree = "<group>";
		};
		F97AAB661F950DE100691C16 /* Controllers */ = {
			isa = PBXGroup;
			children = (
				F99A191F1FE4904300539AE9 /* TopicsViewController.swift */,
				F9B54BA71FE5D5FD00F3A318 /* LessonViewController.swift */,
				F98A9A9C1FEB33D30001D84B /* MyPieChartView.swift */,
				F9F334541FE709310073A67B /* StudyViewController.swift */,
				F95E9DF51FE99BF100D758F3 /* QuestionViewController.swift */,
				F9F334521FE6DD650073A67B /* ZoomTransitionDelegate.swift */,
				F9B54BA31FE4955E00F3A318 /* TopicLayout.swift */,
				F99FBDFF1F94205F001F6C20 /* Main.storyboard */,
			);
			path = Controllers;
			sourceTree = "<group>";
		};
		F99FBDEF1F94205F001F6C20 = {
			isa = PBXGroup;
			children = (
				F99FBDFA1F94205F001F6C20 /* CTCI */,
				F99FBDF91F94205F001F6C20 /* Products */,
				570A138F1163FE743E7DD584 /* Pods */,
				1FC6B8DAE8909171B126BEAD /* Frameworks */,
			);
			sourceTree = "<group>";
		};
		F99FBDF91F94205F001F6C20 /* Products */ = {
			isa = PBXGroup;
			children = (
				F99FBDF81F94205F001F6C20 /* CTCI.app */,
			);
			name = Products;
			sourceTree = "<group>";
		};
		F99FBDFA1F94205F001F6C20 /* CTCI */ = {
			isa = PBXGroup;
			children = (
				F99FBDFB1F94205F001F6C20 /* AppDelegate.swift */,
				F97AAB651F950DBE00691C16 /* Models */,
				F97AAB641F950DA400691C16 /* Stores */,
				F924A9B81F9D6C6800B5496C /* Cell */,
				F97AAB661F950DE100691C16 /* Controllers */,
				F96C57491FEA17D100648CD8 /* CTCIPalette.swift */,
				F99FBE021F94205F001F6C20 /* Assets.xcassets */,
				F99FBE041F94205F001F6C20 /* LaunchScreen.storyboard */,
				F99FBE071F94205F001F6C20 /* Info.plist */,
				F9F3741A1FE883DA00D23DFC /* Sort */,
			);
			path = CTCI;
			sourceTree = "<group>";
		};
		F9F3741A1FE883DA00D23DFC /* Sort */ = {
			isa = PBXGroup;
			children = (
				F9F3741B1FE883DB00D23DFC /* VisualizerViewController.swift */,
				F9F3741C1FE883DB00D23DFC /* VisualObject.swift */,
				F9F3741D1FE883DB00D23DFC /* VisualView.swift */,
				F9F3741E1FE883DB00D23DFC /* Sort.swift */,
			);
			path = Sort;
			sourceTree = "<group>";
		};
/* End PBXGroup section */

/* Begin PBXNativeTarget section */
		F99FBDF71F94205F001F6C20 /* CTCI */ = {
			isa = PBXNativeTarget;
			buildConfigurationList = F99FBE0A1F942060001F6C20 /* Build configuration list for PBXNativeTarget "CTCI" */;
			buildPhases = (
				D4FB4E6B0CBF0E5BF32050E5 /* [CP] Check Pods Manifest.lock */,
				F99FBDF41F94205F001F6C20 /* Sources */,
				F99FBDF51F94205F001F6C20 /* Frameworks */,
				F99FBDF61F94205F001F6C20 /* Resources */,
				7D6FFB0E3C39AD1E628D1C50 /* [CP] Embed Pods Frameworks */,
				2F4E37507E9B62B12DE8196E /* [CP] Copy Pods Resources */,
			);
			buildRules = (
			);
			dependencies = (
			);
			name = CTCI;
			productName = CTCI;
			productReference = F99FBDF81F94205F001F6C20 /* CTCI.app */;
			productType = "com.apple.product-type.application";
		};
/* End PBXNativeTarget section */

/* Begin PBXProject section */
		F99FBDF01F94205F001F6C20 /* Project object */ = {
			isa = PBXProject;
			attributes = {
				LastSwiftUpdateCheck = 0900;
				LastUpgradeCheck = 0900;
				ORGANIZATIONNAME = "Michael Odere";
				TargetAttributes = {
					F99FBDF71F94205F001F6C20 = {
						CreatedOnToolsVersion = 9.0;
						ProvisioningStyle = Automatic;
					};
				};
			};
			buildConfigurationList = F99FBDF31F94205F001F6C20 /* Build configuration list for PBXProject "CTCI" */;
			compatibilityVersion = "Xcode 8.0";
			developmentRegion = en;
			hasScannedForEncodings = 0;
			knownRegions = (
				en,
				Base,
			);
			mainGroup = F99FBDEF1F94205F001F6C20;
			productRefGroup = F99FBDF91F94205F001F6C20 /* Products */;
			projectDirPath = "";
			projectRoot = "";
			targets = (
				F99FBDF71F94205F001F6C20 /* CTCI */,
			);
		};
/* End PBXProject section */

/* Begin PBXResourcesBuildPhase section */
		F99FBDF61F94205F001F6C20 /* Resources */ = {
			isa = PBXResourcesBuildPhase;
			buildActionMask = 2147483647;
			files = (
				F99FBE061F94205F001F6C20 /* LaunchScreen.storyboard in Resources */,
				F99FBE031F94205F001F6C20 /* Assets.xcassets in Resources */,
				F9EACEF61FE8889D0070246C /* CTCI_Data.json in Resources */,
				F99FBE011F94205F001F6C20 /* Main.storyboard in Resources */,
			);
			runOnlyForDeploymentPostprocessing = 0;
		};
/* End PBXResourcesBuildPhase section */

/* Begin PBXShellScriptBuildPhase section */
		2F4E37507E9B62B12DE8196E /* [CP] Copy Pods Resources */ = {
			isa = PBXShellScriptBuildPhase;
			buildActionMask = 2147483647;
			files = (
			);
			inputPaths = (
			);
			name = "[CP] Copy Pods Resources";
			outputPaths = (
			);
			runOnlyForDeploymentPostprocessing = 0;
			shellPath = /bin/sh;
			shellScript = "\"${SRCROOT}/Pods/Target Support Files/Pods-CTCI/Pods-CTCI-resources.sh\"\n";
			showEnvVarsInLog = 0;
		};
		7D6FFB0E3C39AD1E628D1C50 /* [CP] Embed Pods Frameworks */ = {
			isa = PBXShellScriptBuildPhase;
			buildActionMask = 2147483647;
			files = (
			);
			inputPaths = (
				"${SRCROOT}/Pods/Target Support Files/Pods-CTCI/Pods-CTCI-frameworks.sh",
				"${BUILT_PRODUCTS_DIR}/Charts/Charts.framework",
				"${BUILT_PRODUCTS_DIR}/SwiftyJSON/SwiftyJSON.framework",
			);
			name = "[CP] Embed Pods Frameworks";
			outputPaths = (
				"${TARGET_BUILD_DIR}/${FRAMEWORKS_FOLDER_PATH}/Charts.framework",
				"${TARGET_BUILD_DIR}/${FRAMEWORKS_FOLDER_PATH}/SwiftyJSON.framework",
			);
			runOnlyForDeploymentPostprocessing = 0;
			shellPath = /bin/sh;
			shellScript = "\"${SRCROOT}/Pods/Target Support Files/Pods-CTCI/Pods-CTCI-frameworks.sh\"\n";
			showEnvVarsInLog = 0;
		};
		D4FB4E6B0CBF0E5BF32050E5 /* [CP] Check Pods Manifest.lock */ = {
			isa = PBXShellScriptBuildPhase;
			buildActionMask = 2147483647;
			files = (
			);
			inputPaths = (
				"${PODS_PODFILE_DIR_PATH}/Podfile.lock",
				"${PODS_ROOT}/Manifest.lock",
			);
			name = "[CP] Check Pods Manifest.lock";
			outputPaths = (
				"$(DERIVED_FILE_DIR)/Pods-CTCI-checkManifestLockResult.txt",
			);
			runOnlyForDeploymentPostprocessing = 0;
			shellPath = /bin/sh;
			shellScript = "diff \"${PODS_PODFILE_DIR_PATH}/Podfile.lock\" \"${PODS_ROOT}/Manifest.lock\" > /dev/null\nif [ $? != 0 ] ; then\n    # print error to STDERR\n    echo \"error: The sandbox is not in sync with the Podfile.lock. Run 'pod install' or update your CocoaPods installation.\" >&2\n    exit 1\nfi\n# This output is used by Xcode 'outputs' to avoid re-running this script phase.\necho \"SUCCESS\" > \"${SCRIPT_OUTPUT_FILE_0}\"\n";
			showEnvVarsInLog = 0;
		};
/* End PBXShellScriptBuildPhase section */

/* Begin PBXSourcesBuildPhase section */
		F99FBDF41F94205F001F6C20 /* Sources */ = {
			isa = PBXSourcesBuildPhase;
			buildActionMask = 2147483647;
			files = (
				F95E9DF61FE99BF100D758F3 /* QuestionViewController.swift in Sources */,
				F924A9B71F9D6C6300B5496C /* QuestionStore.swift in Sources */,
				F978593F1FE878BD001649D7 /* Topic.swift in Sources */,
				F98A9A9D1FEB33D30001D84B /* MyPieChartView.swift in Sources */,
				F9F3741F1FE883DB00D23DFC /* VisualizerViewController.swift in Sources */,
				F99FBE141F943112001F6C20 /* TopicStore.swift in Sources */,
				F97859451FE8790A001649D7 /* Question.swift in Sources */,
				F9B54BA41FE4955E00F3A318 /* TopicLayout.swift in Sources */,
				F97859431FE87905001649D7 /* Note.swift in Sources */,
				F9B54BA81FE5D5FD00F3A318 /* LessonViewController.swift in Sources */,
				F9F374201FE883DB00D23DFC /* VisualObject.swift in Sources */,
				F99FBE181F945C50001F6C20 /* TopicCell.swift in Sources */,
				F99FBDFC1F94205F001F6C20 /* AppDelegate.swift in Sources */,
				F91E80FE1FE9ED3900FA725A /* NoteCell.swift in Sources */,
				F9F374221FE883DB00D23DFC /* Sort.swift in Sources */,
				F9B54BA61FE5B61900F3A318 /* LessonCell.swift in Sources */,
				F9F334531FE6DD650073A67B /* ZoomTransitionDelegate.swift in Sources */,
				F96C574A1FEA17D100648CD8 /* CTCIPalette.swift in Sources */,
				F9F374211FE883DB00D23DFC /* VisualView.swift in Sources */,
				F97859411FE878F6001649D7 /* Lesson.swift in Sources */,
				F95E9DF81FE9A16200D758F3 /* LessonButton.swift in Sources */,
				F9F334551FE709310073A67B /* StudyViewController.swift in Sources */,
				F99A19201FE4904300539AE9 /* TopicsViewController.swift in Sources */,
			);
			runOnlyForDeploymentPostprocessing = 0;
		};
/* End PBXSourcesBuildPhase section */

/* Begin PBXVariantGroup section */
		F99FBDFF1F94205F001F6C20 /* Main.storyboard */ = {
			isa = PBXVariantGroup;
			children = (
				F99FBE001F94205F001F6C20 /* Base */,
			);
			name = Main.storyboard;
			sourceTree = "<group>";
		};
		F99FBE041F94205F001F6C20 /* LaunchScreen.storyboard */ = {
			isa = PBXVariantGroup;
			children = (
				F99FBE051F94205F001F6C20 /* Base */,
			);
			name = LaunchScreen.storyboard;
			sourceTree = "<group>";
		};
/* End PBXVariantGroup section */

/* Begin XCBuildConfiguration section */
		F99FBE081F94205F001F6C20 /* Debug */ = {
			isa = XCBuildConfiguration;
			buildSettings = {
				ALWAYS_SEARCH_USER_PATHS = NO;
				CLANG_ANALYZER_NONNULL = YES;
				CLANG_ANALYZER_NUMBER_OBJECT_CONVERSION = YES_AGGRESSIVE;
				CLANG_CXX_LANGUAGE_STANDARD = "gnu++14";
				CLANG_CXX_LIBRARY = "libc++";
				CLANG_ENABLE_MODULES = YES;
				CLANG_ENABLE_OBJC_ARC = YES;
				CLANG_WARN_BLOCK_CAPTURE_AUTORELEASING = YES;
				CLANG_WARN_BOOL_CONVERSION = YES;
				CLANG_WARN_COMMA = YES;
				CLANG_WARN_CONSTANT_CONVERSION = YES;
				CLANG_WARN_DIRECT_OBJC_ISA_USAGE = YES_ERROR;
				CLANG_WARN_DOCUMENTATION_COMMENTS = YES;
				CLANG_WARN_EMPTY_BODY = YES;
				CLANG_WARN_ENUM_CONVERSION = YES;
				CLANG_WARN_INFINITE_RECURSION = YES;
				CLANG_WARN_INT_CONVERSION = YES;
				CLANG_WARN_NON_LITERAL_NULL_CONVERSION = YES;
				CLANG_WARN_OBJC_LITERAL_CONVERSION = YES;
				CLANG_WARN_OBJC_ROOT_CLASS = YES_ERROR;
				CLANG_WARN_RANGE_LOOP_ANALYSIS = YES;
				CLANG_WARN_STRICT_PROTOTYPES = YES;
				CLANG_WARN_SUSPICIOUS_MOVE = YES;
				CLANG_WARN_UNGUARDED_AVAILABILITY = YES_AGGRESSIVE;
				CLANG_WARN_UNREACHABLE_CODE = YES;
				CLANG_WARN__DUPLICATE_METHOD_MATCH = YES;
				CODE_SIGN_IDENTITY = "iPhone Developer";
				COPY_PHASE_STRIP = NO;
				DEBUG_INFORMATION_FORMAT = dwarf;
				ENABLE_STRICT_OBJC_MSGSEND = YES;
				ENABLE_TESTABILITY = YES;
				GCC_C_LANGUAGE_STANDARD = gnu11;
				GCC_DYNAMIC_NO_PIC = NO;
				GCC_NO_COMMON_BLOCKS = YES;
				GCC_OPTIMIZATION_LEVEL = 0;
				GCC_PREPROCESSOR_DEFINITIONS = (
					"DEBUG=1",
					"$(inherited)",
				);
				GCC_WARN_64_TO_32_BIT_CONVERSION = YES;
				GCC_WARN_ABOUT_RETURN_TYPE = YES_ERROR;
				GCC_WARN_UNDECLARED_SELECTOR = YES;
				GCC_WARN_UNINITIALIZED_AUTOS = YES_AGGRESSIVE;
				GCC_WARN_UNUSED_FUNCTION = YES;
				GCC_WARN_UNUSED_VARIABLE = YES;
				IPHONEOS_DEPLOYMENT_TARGET = 11.0;
				MTL_ENABLE_DEBUG_INFO = YES;
				ONLY_ACTIVE_ARCH = YES;
				SDKROOT = iphoneos;
				SWIFT_ACTIVE_COMPILATION_CONDITIONS = DEBUG;
				SWIFT_OPTIMIZATION_LEVEL = "-Onone";
			};
			name = Debug;
		};
		F99FBE091F94205F001F6C20 /* Release */ = {
			isa = XCBuildConfiguration;
			buildSettings = {
				ALWAYS_SEARCH_USER_PATHS = NO;
				CLANG_ANALYZER_NONNULL = YES;
				CLANG_ANALYZER_NUMBER_OBJECT_CONVERSION = YES_AGGRESSIVE;
				CLANG_CXX_LANGUAGE_STANDARD = "gnu++14";
				CLANG_CXX_LIBRARY = "libc++";
				CLANG_ENABLE_MODULES = YES;
				CLANG_ENABLE_OBJC_ARC = YES;
				CLANG_WARN_BLOCK_CAPTURE_AUTORELEASING = YES;
				CLANG_WARN_BOOL_CONVERSION = YES;
				CLANG_WARN_COMMA = YES;
				CLANG_WARN_CONSTANT_CONVERSION = YES;
				CLANG_WARN_DIRECT_OBJC_ISA_USAGE = YES_ERROR;
				CLANG_WARN_DOCUMENTATION_COMMENTS = YES;
				CLANG_WARN_EMPTY_BODY = YES;
				CLANG_WARN_ENUM_CONVERSION = YES;
				CLANG_WARN_INFINITE_RECURSION = YES;
				CLANG_WARN_INT_CONVERSION = YES;
				CLANG_WARN_NON_LITERAL_NULL_CONVERSION = YES;
				CLANG_WARN_OBJC_LITERAL_CONVERSION = YES;
				CLANG_WARN_OBJC_ROOT_CLASS = YES_ERROR;
				CLANG_WARN_RANGE_LOOP_ANALYSIS = YES;
				CLANG_WARN_STRICT_PROTOTYPES = YES;
				CLANG_WARN_SUSPICIOUS_MOVE = YES;
				CLANG_WARN_UNGUARDED_AVAILABILITY = YES_AGGRESSIVE;
				CLANG_WARN_UNREACHABLE_CODE = YES;
				CLANG_WARN__DUPLICATE_METHOD_MATCH = YES;
				CODE_SIGN_IDENTITY = "iPhone Developer";
				COPY_PHASE_STRIP = NO;
				DEBUG_INFORMATION_FORMAT = "dwarf-with-dsym";
				ENABLE_NS_ASSERTIONS = NO;
				ENABLE_STRICT_OBJC_MSGSEND = YES;
				GCC_C_LANGUAGE_STANDARD = gnu11;
				GCC_NO_COMMON_BLOCKS = YES;
				GCC_WARN_64_TO_32_BIT_CONVERSION = YES;
				GCC_WARN_ABOUT_RETURN_TYPE = YES_ERROR;
				GCC_WARN_UNDECLARED_SELECTOR = YES;
				GCC_WARN_UNINITIALIZED_AUTOS = YES_AGGRESSIVE;
				GCC_WARN_UNUSED_FUNCTION = YES;
				GCC_WARN_UNUSED_VARIABLE = YES;
				IPHONEOS_DEPLOYMENT_TARGET = 11.0;
				MTL_ENABLE_DEBUG_INFO = NO;
				SDKROOT = iphoneos;
				SWIFT_OPTIMIZATION_LEVEL = "-Owholemodule";
				VALIDATE_PRODUCT = YES;
			};
			name = Release;
		};
		F99FBE0B1F942060001F6C20 /* Debug */ = {
			isa = XCBuildConfiguration;
			baseConfigurationReference = A156D74D81713B130A96A0B1 /* Pods-CTCI.debug.xcconfig */;
			buildSettings = {
				ASSETCATALOG_COMPILER_APPICON_NAME = AppIcon;
				CODE_SIGN_STYLE = Automatic;
				DEVELOPMENT_TEAM = 8FX99Z8DDE;
				INFOPLIST_FILE = CTCI/Info.plist;
				LD_RUNPATH_SEARCH_PATHS = "$(inherited) @executable_path/Frameworks";
				PRODUCT_BUNDLE_IDENTIFIER = com.michaelodere.CTCI;
				PRODUCT_NAME = "$(TARGET_NAME)";
				SWIFT_VERSION = 4.0;
				TARGETED_DEVICE_FAMILY = "1,2";
			};
			name = Debug;
		};
		F99FBE0C1F942060001F6C20 /* Release */ = {
			isa = XCBuildConfiguration;
			baseConfigurationReference = D44F58105ED9AAF466F00153 /* Pods-CTCI.release.xcconfig */;
			buildSettings = {
				ASSETCATALOG_COMPILER_APPICON_NAME = AppIcon;
				CODE_SIGN_STYLE = Automatic;
				DEVELOPMENT_TEAM = 8FX99Z8DDE;
				INFOPLIST_FILE = CTCI/Info.plist;
				LD_RUNPATH_SEARCH_PATHS = "$(inherited) @executable_path/Frameworks";
				PRODUCT_BUNDLE_IDENTIFIER = com.michaelodere.CTCI;
				PRODUCT_NAME = "$(TARGET_NAME)";
				SWIFT_VERSION = 4.0;
				TARGETED_DEVICE_FAMILY = "1,2";
			};
			name = Release;
		};
/* End XCBuildConfiguration section */

/* Begin XCConfigurationList section */
		F99FBDF31F94205F001F6C20 /* Build configuration list for PBXProject "CTCI" */ = {
			isa = XCConfigurationList;
			buildConfigurations = (
				F99FBE081F94205F001F6C20 /* Debug */,
				F99FBE091F94205F001F6C20 /* Release */,
			);
			defaultConfigurationIsVisible = 0;
			defaultConfigurationName = Release;
		};
		F99FBE0A1F942060001F6C20 /* Build configuration list for PBXNativeTarget "CTCI" */ = {
			isa = XCConfigurationList;
			buildConfigurations = (
				F99FBE0B1F942060001F6C20 /* Debug */,
				F99FBE0C1F942060001F6C20 /* Release */,
			);
			defaultConfigurationIsVisible = 0;
			defaultConfigurationName = Release;
		};
/* End XCConfigurationList section */
	};
	rootObject = F99FBDF01F94205F001F6C20 /* Project object */;
}
